
Microsoft Visual Studio Solution File, Format Version 12.00
# Visual Studio Version 16
VisualStudioVersion = 16.0.29326.143
MinimumVisualStudioVersion = 10.0.40219.1
Project("{9A19103F-16F7-4668-BE54-9A1E7A4F7556}") = "Neo4jClient.DataAnnotations", "Neo4jClient.DataAnnotations\Neo4jClient.DataAnnotations.csproj", "{514B5EB2-2769-419C-A827-92FBCF09298D}"
EndProject
Project("{D954291E-2A0B-460D-934E-DC6B0785DB48}") = "Neo4jClient.Shared", "..\Neo4jClient\Neo4jClient.Shared\Neo4jClient.Shared.shproj", "{C5B928CA-3E8E-4181-BACD-48CED40CEFDE}"
EndProject
Project("{9A19103F-16F7-4668-BE54-9A1E7A4F7556}") = "Neo4jClient", "..\Neo4jClient\Neo4jClient\Neo4jClient.csproj", "{E568B54B-F463-4346-818E-9EC8348C6470}"
EndProject
Project("{9A19103F-16F7-4668-BE54-9A1E7A4F7556}") = "Neo4jClient.DataAnnotations.Tests", "Neo4jClient.DataAnnotations.Tests\Neo4jClient.DataAnnotations.Tests.csproj", "{425D89C4-E8DC-4A07-B757-92DDF1DAE1FC}"
EndProject
Global
	GlobalSection(SharedMSBuildProjectFiles) = preSolution
		..\Neo4jClient\Neo4jClient.Shared\Neo4jClient.Shared.projitems*{c5b928ca-3e8e-4181-bacd-48ced40cefde}*SharedItemsImports = 13
		..\Neo4jClient\Neo4jClient.Shared\Neo4jClient.Shared.projitems*{e568b54b-f463-4346-818e-9ec8348c6470}*SharedItemsImports = 5
	EndGlobalSection
	GlobalSection(SolutionConfigurationPlatforms) = preSolution
		Debug|Any CPU = Debug|Any CPU
		Full - Debug|Any CPU = Full - Debug|Any CPU
		Portable - Debug|Any CPU = Portable - Debug|Any CPU
		Release|Any CPU = Release|Any CPU
	EndGlobalSection
	GlobalSection(ProjectConfigurationPlatforms) = postSolution
		{514B5EB2-2769-419C-A827-92FBCF09298D}.Debug|Any CPU.ActiveCfg = Debug|Any CPU
		{514B5EB2-2769-419C-A827-92FBCF09298D}.Debug|Any CPU.Build.0 = Debug|Any CPU
		{514B5EB2-2769-419C-A827-92FBCF09298D}.Full - Debug|Any CPU.ActiveCfg = Debug|Any CPU
		{514B5EB2-2769-419C-A827-92FBCF09298D}.Full - Debug|Any CPU.Build.0 = Debug|Any CPU
		{514B5EB2-2769-419C-A827-92FBCF09298D}.Portable - Debug|Any CPU.ActiveCfg = Debug|Any CPU
		{514B5EB2-2769-419C-A827-92FBCF09298D}.Portable - Debug|Any CPU.Build.0 = Debug|Any CPU
		{514B5EB2-2769-419C-A827-92FBCF09298D}.Release|Any CPU.ActiveCfg = Release|Any CPU
		{514B5EB2-2769-419C-A827-92FBCF09298D}.Release|Any CPU.Build.0 = Release|Any CPU
		{E568B54B-F463-4346-818E-9EC8348C6470}.Debug|Any CPU.ActiveCfg = Debug|Any CPU
		{E568B54B-F463-4346-818E-9EC8348C6470}.Debug|Any CPU.Build.0 = Debug|Any CPU
		{E568B54B-F463-4346-818E-9EC8348C6470}.Full - Debug|Any CPU.ActiveCfg = Debug|Any CPU
		{E568B54B-F463-4346-818E-9EC8348C6470}.Full - Debug|Any CPU.Build.0 = Debug|Any CPU
		{E568B54B-F463-4346-818E-9EC8348C6470}.Portable - Debug|Any CPU.ActiveCfg = Debug|Any CPU
		{E568B54B-F463-4346-818E-9EC8348C6470}.Portable - Debug|Any CPU.Build.0 = Debug|Any CPU
		{E568B54B-F463-4346-818E-9EC8348C6470}.Release|Any CPU.ActiveCfg = Release|Any CPU
		{E568B54B-F463-4346-818E-9EC8348C6470}.Release|Any CPU.Build.0 = Release|Any CPU
		{425D89C4-E8DC-4A07-B757-92DDF1DAE1FC}.Debug|Any CPU.ActiveCfg = Debug|Any CPU
		{425D89C4-E8DC-4A07-B757-92DDF1DAE1FC}.Debug|Any CPU.Build.0 = Debug|Any CPU
		{425D89C4-E8DC-4A07-B757-92DDF1DAE1FC}.Full - Debug|Any CPU.ActiveCfg = Debug|Any CPU
		{425D89C4-E8DC-4A07-B757-92DDF1DAE1FC}.Full - Debug|Any CPU.Build.0 = Debug|Any CPU
		{425D89C4-E8DC-4A07-B757-92DDF1DAE1FC}.Portable - Debug|Any CPU.ActiveCfg = Debug|Any CPU
		{425D89C4-E8DC-4A07-B757-92DDF1DAE1FC}.Portable - Debug|Any CPU.Build.0 = Debug|Any CPU
		{425D89C4-E8DC-4A07-B757-92DDF1DAE1FC}.Release|Any CPU.ActiveCfg = Release|Any CPU
		{425D89C4-E8DC-4A07-B757-92DDF1DAE1FC}.Release|Any CPU.Build.0 = Release|Any CPU
	EndGlobalSection
	GlobalSection(SolutionProperties) = preSolution
		HideSolutionNode = FALSE
	EndGlobalSection
	GlobalSection(ExtensibilityGlobals) = postSolution
		SolutionGuid = {F9176D6F-8803-4B9B-B9DE-4C39EA190161}
	EndGlobalSection
EndGlobal
